
Microsoft Visual Studio Solution File, Format Version 11.00
# Visual Studio 2010
Project("{FAE04EC0-301F-11D3-BF4B-00C04F79EFBC}") = "RemotingServies", "RemotingServies\RemotingServies.csproj", "{6D205D89-B265-4EF5-ABA5-366EBACF7146}"
EndProject
Project("{FAE04EC0-301F-11D3-BF4B-00C04F79EFBC}") = "FishServer", "FishServer\FishServer.csproj", "{C7C919E4-5C33-4A08-B2DF-DA545E1340AE}"
EndProject
Project("{FAE04EC0-301F-11D3-BF4B-00C04F79EFBC}") = "FishClient", "FishClient\FishClient.csproj", "{79914EC2-BBDE-45EA-8442-722A00197628}"
EndProject
Project("{FAE04EC0-301F-11D3-BF4B-00C04F79EFBC}") = "FishComponent", "FishComponent\FishComponent.csproj", "{79A1520C-76FD-4771-8D03-BEEEDBF767E5}"
EndProject
Project("{FAE04EC0-301F-11D3-BF4B-00C04F79EFBC}") = "FishTest", "FishTest\FishTest.csproj", "{D5E781A5-99EE-49D1-9694-6BF877241EAC}"
EndProject
Global
	GlobalSection(SolutionConfigurationPlatforms) = preSolution
		Debug|Any CPU = Debug|Any CPU
		Debug|Mixed Platforms = Debug|Mixed Platforms
		Debug|x86 = Debug|x86
		Release|Any CPU = Release|Any CPU
		Release|Mixed Platforms = Release|Mixed Platforms
		Release|x86 = Release|x86
	EndGlobalSection
	GlobalSection(ProjectConfigurationPlatforms) = postSolution
		{6D205D89-B265-4EF5-ABA5-366EBACF7146}.Debug|Any CPU.ActiveCfg = Debug|Any CPU
		{6D205D89-B265-4EF5-ABA5-366EBACF7146}.Debug|Any CPU.Build.0 = Debug|Any CPU
		{6D205D89-B265-4EF5-ABA5-366EBACF7146}.Debug|Mixed Platforms.ActiveCfg = Debug|Any CPU
		{6D205D89-B265-4EF5-ABA5-366EBACF7146}.Debug|Mixed Platforms.Build.0 = Debug|Any CPU
		{6D205D89-B265-4EF5-ABA5-366EBACF7146}.Debug|x86.ActiveCfg = Debug|Any CPU
		{6D205D89-B265-4EF5-ABA5-366EBACF7146}.Release|Any CPU.ActiveCfg = Release|Any CPU
		{6D205D89-B265-4EF5-ABA5-366EBACF7146}.Release|Any CPU.Build.0 = Release|Any CPU
		{6D205D89-B265-4EF5-ABA5-366EBACF7146}.Release|Mixed Platforms.ActiveCfg = Release|Any CPU
		{6D205D89-B265-4EF5-ABA5-366EBACF7146}.Release|Mixed Platforms.Build.0 = Release|Any CPU
		{6D205D89-B265-4EF5-ABA5-366EBACF7146}.Release|x86.ActiveCfg = Release|Any CPU
		{C7C919E4-5C33-4A08-B2DF-DA545E1340AE}.Debug|Any CPU.ActiveCfg = Debug|x86
		{C7C919E4-5C33-4A08-B2DF-DA545E1340AE}.Debug|Mixed Platforms.ActiveCfg = Debug|x86
		{C7C919E4-5C33-4A08-B2DF-DA545E1340AE}.Debug|Mixed Platforms.Build.0 = Debug|x86
		{C7C919E4-5C33-4A08-B2DF-DA545E1340AE}.Debug|x86.ActiveCfg = Debug|x86
		{C7C919E4-5C33-4A08-B2DF-DA545E1340AE}.Debug|x86.Build.0 = Debug|x86
		{C7C919E4-5C33-4A08-B2DF-DA545E1340AE}.Release|Any CPU.ActiveCfg = Release|x86
		{C7C919E4-5C33-4A08-B2DF-DA545E1340AE}.Release|Mixed Platforms.ActiveCfg = Release|x86
		{C7C919E4-5C33-4A08-B2DF-DA545E1340AE}.Release|Mixed Platforms.Build.0 = Release|x86
		{C7C919E4-5C33-4A08-B2DF-DA545E1340AE}.Release|x86.ActiveCfg = Release|x86
		{C7C919E4-5C33-4A08-B2DF-DA545E1340AE}.Release|x86.Build.0 = Release|x86
		{79914EC2-BBDE-45EA-8442-722A00197628}.Debug|Any CPU.ActiveCfg = Debug|x86
		{79914EC2-BBDE-45EA-8442-722A00197628}.Debug|Mixed Platforms.ActiveCfg = Debug|x86
		{79914EC2-BBDE-45EA-8442-722A00197628}.Debug|Mixed Platforms.Build.0 = Debug|x86
		{79914EC2-BBDE-45EA-8442-722A00197628}.Debug|x86.ActiveCfg = Debug|x86
		{79914EC2-BBDE-45EA-8442-722A00197628}.Debug|x86.Build.0 = Debug|x86
		{79914EC2-BBDE-45EA-8442-722A00197628}.Release|Any CPU.ActiveCfg = Release|x86
		{79914EC2-BBDE-45EA-8442-722A00197628}.Release|Mixed Platforms.ActiveCfg = Release|x86
		{79914EC2-BBDE-45EA-8442-722A00197628}.Release|Mixed Platforms.Build.0 = Release|x86
		{79914EC2-BBDE-45EA-8442-722A00197628}.Release|x86.ActiveCfg = Release|x86
		{79914EC2-BBDE-45EA-8442-722A00197628}.Release|x86.Build.0 = Release|x86
		{79A1520C-76FD-4771-8D03-BEEEDBF767E5}.Debug|Any CPU.ActiveCfg = Debug|Any CPU
		{79A1520C-76FD-4771-8D03-BEEEDBF767E5}.Debug|Any CPU.Build.0 = Debug|Any CPU
		{79A1520C-76FD-4771-8D03-BEEEDBF767E5}.Debug|Mixed Platforms.ActiveCfg = Debug|Any CPU
		{79A1520C-76FD-4771-8D03-BEEEDBF767E5}.Debug|Mixed Platforms.Build.0 = Debug|Any CPU
		{79A1520C-76FD-4771-8D03-BEEEDBF767E5}.Debug|x86.ActiveCfg = Debug|Any CPU
		{79A1520C-76FD-4771-8D03-BEEEDBF767E5}.Release|Any CPU.ActiveCfg = Release|Any CPU
		{79A1520C-76FD-4771-8D03-BEEEDBF767E5}.Release|Any CPU.Build.0 = Release|Any CPU
		{79A1520C-76FD-4771-8D03-BEEEDBF767E5}.Release|Mixed Platforms.ActiveCfg = Release|Any CPU
		{79A1520C-76FD-4771-8D03-BEEEDBF767E5}.Release|Mixed Platforms.Build.0 = Release|Any CPU
		{79A1520C-76FD-4771-8D03-BEEEDBF767E5}.Release|x86.ActiveCfg = Release|Any CPU
		{D5E781A5-99EE-49D1-9694-6BF877241EAC}.Debug|Any CPU.ActiveCfg = Debug|Any CPU
		{D5E781A5-99EE-49D1-9694-6BF877241EAC}.Debug|Any CPU.Build.0 = Debug|Any CPU
		{D5E781A5-99EE-49D1-9694-6BF877241EAC}.Debug|Mixed Platforms.ActiveCfg = Debug|Any CPU
		{D5E781A5-99EE-49D1-9694-6BF877241EAC}.Debug|Mixed Platforms.Build.0 = Debug|Any CPU
		{D5E781A5-99EE-49D1-9694-6BF877241EAC}.Debug|x86.ActiveCfg = Debug|Any CPU
		{D5E781A5-99EE-49D1-9694-6BF877241EAC}.Release|Any CPU.ActiveCfg = Release|Any CPU
		{D5E781A5-99EE-49D1-9694-6BF877241EAC}.Release|Any CPU.Build.0 = Release|Any CPU
		{D5E781A5-99EE-49D1-9694-6BF877241EAC}.Release|Mixed Platforms.ActiveCfg = Release|Any CPU
		{D5E781A5-99EE-49D1-9694-6BF877241EAC}.Release|Mixed Platforms.Build.0 = Release|Any CPU
		{D5E781A5-99EE-49D1-9694-6BF877241EAC}.Release|x86.ActiveCfg = Release|Any CPU
	EndGlobalSection
	GlobalSection(SolutionProperties) = preSolution
		HideSolutionNode = FALSE
	EndGlobalSection
EndGlobal
